// !$*UTF8*$!
{
	archiveVersion = 1;
	classes = {
	};
	objectVersion = 50;
	objects = {

/* Begin PBXBuildFile section */
		8C5809B0270D13C90088E167 /* AppDelegate.swift in Sources */ = {isa = PBXBuildFile; fileRef = 8C5809AF270D13C90088E167 /* AppDelegate.swift */; };
		8C5809B2270D13C90088E167 /* SceneDelegate.swift in Sources */ = {isa = PBXBuildFile; fileRef = 8C5809B1270D13C90088E167 /* SceneDelegate.swift */; };
		8C5809B4270D13C90088E167 /* ViewController.swift in Sources */ = {isa = PBXBuildFile; fileRef = 8C5809B3270D13C90088E167 /* ViewController.swift */; };
		8C5809B9270D13CA0088E167 /* Assets.xcassets in Resources */ = {isa = PBXBuildFile; fileRef = 8C5809B8270D13CA0088E167 /* Assets.xcassets */; };
		8C5809DC270D14160088E167 /* LUT_M01.png in Resources */ = {isa = PBXBuildFile; fileRef = 8C5809C7270D14160088E167 /* LUT_M01.png */; };
		8C5809DD270D14160088E167 /* LUT_M02.png in Resources */ = {isa = PBXBuildFile; fileRef = 8C5809C8270D14160088E167 /* LUT_M02.png */; };
		8C5809DE270D14160088E167 /* LUT_M03.png in Resources */ = {isa = PBXBuildFile; fileRef = 8C5809C9270D14160088E167 /* LUT_M03.png */; };
		8C5809DF270D14160088E167 /* LUT_M07.png in Resources */ = {isa = PBXBuildFile; fileRef = 8C5809CA270D14160088E167 /* LUT_M07.png */; };
		8C5809E0270D14160088E167 /* LUT_M06.png in Resources */ = {isa = PBXBuildFile; fileRef = 8C5809CB270D14160088E167 /* LUT_M06.png */; };
		8C5809E1270D14160088E167 /* LUT_M12.png in Resources */ = {isa = PBXBuildFile; fileRef = 8C5809CC270D14160088E167 /* LUT_M12.png */; };
		8C5809E2270D14160088E167 /* LUT_M11.png in Resources */ = {isa = PBXBuildFile; fileRef = 8C5809CD270D14160088E167 /* LUT_M11.png */; };
		8C5809E3270D14160088E167 /* LUT_M05.png in Resources */ = {isa = PBXBuildFile; fileRef = 8C5809CE270D14160088E167 /* LUT_M05.png */; };
		8C5809E4270D14160088E167 /* LUT_M08.png in Resources */ = {isa = PBXBuildFile; fileRef = 8C5809CF270D14160088E167 /* LUT_M08.png */; };
		8C5809E5270D14160088E167 /* LUT_M09.png in Resources */ = {isa = PBXBuildFile; fileRef = 8C5809D0270D14160088E167 /* LUT_M09.png */; };
		8C5809E6270D14160088E167 /* video4.MOV in Resources */ = {isa = PBXBuildFile; fileRef = 8C5809D1270D14160088E167 /* video4.MOV */; };
		8C5809E7270D14160088E167 /* video3.MOV in Resources */ = {isa = PBXBuildFile; fileRef = 8C5809D2270D14160088E167 /* video3.MOV */; };
		8C5809E8270D14160088E167 /* video2.MOV in Resources */ = {isa = PBXBuildFile; fileRef = 8C5809D3270D14160088E167 /* video2.MOV */; };
		8C5809E9270D14160088E167 /* video1.MOV in Resources */ = {isa = PBXBuildFile; fileRef = 8C5809D4270D14160088E167 /* video1.MOV */; };
		8C5809EA270D14160088E167 /* image3.HEIC in Resources */ = {isa = PBXBuildFile; fileRef = 8C5809D5270D14160088E167 /* image3.HEIC */; };
		8C5809EB270D14160088E167 /* LaunchScreen.xib in Resources */ = {isa = PBXBuildFile; fileRef = 8C5809D7270D14160088E167 /* LaunchScreen.xib */; };
		8C5809EC270D14160088E167 /* Main.storyboard in Resources */ = {isa = PBXBuildFile; fileRef = 8C5809D8270D14160088E167 /* Main.storyboard */; };
		8C5809ED270D14160088E167 /* image2.HEIC in Resources */ = {isa = PBXBuildFile; fileRef = 8C5809D9270D14160088E167 /* image2.HEIC */; };
		8C5809EF270D14160088E167 /* image1.JPG in Resources */ = {isa = PBXBuildFile; fileRef = 8C5809DB270D14160088E167 /* image1.JPG */; };
		8C5809F2270D141B0088E167 /* PlayerViewController.swift in Sources */ = {isa = PBXBuildFile; fileRef = 8C5809F1270D141B0088E167 /* PlayerViewController.swift */; };
		8C580A2F270D14670088E167 /* VideoCompositionInstruction.swift in Sources */ = {isa = PBXBuildFile; fileRef = 8C5809F7270D14670088E167 /* VideoCompositionInstruction.swift */; };
		8C580A30270D14670088E167 /* LayerCompositor.swift in Sources */ = {isa = PBXBuildFile; fileRef = 8C5809F8270D14670088E167 /* LayerCompositor.swift */; };
		8C580A31270D14670088E167 /* VideoRenderLayer.swift in Sources */ = {isa = PBXBuildFile; fileRef = 8C5809F9270D14670088E167 /* VideoRenderLayer.swift */; };
		8C580A32270D14670088E167 /* VideoCompositor.swift in Sources */ = {isa = PBXBuildFile; fileRef = 8C5809FA270D14670088E167 /* VideoCompositor.swift */; };
		8C580A33270D14670088E167 /* VideoRenderLayerGroup.swift in Sources */ = {isa = PBXBuildFile; fileRef = 8C5809FB270D14670088E167 /* VideoRenderLayerGroup.swift */; };
		8C580A34270D14670088E167 /* RenderComposition.swift in Sources */ = {isa = PBXBuildFile; fileRef = 8C5809FC270D14670088E167 /* RenderComposition.swift */; };
		8C580A35270D14670088E167 /* VideoLab.bundle in Resources */ = {isa = PBXBuildFile; fileRef = 8C5809FD270D14670088E167 /* VideoLab.bundle */; };
		8C580A36270D14670088E167 /* Source.swift in Sources */ = {isa = PBXBuildFile; fileRef = 8C5809FF270D14670088E167 /* Source.swift */; };
		8C580A37270D14670088E167 /* PHAssetVideoSource.swift in Sources */ = {isa = PBXBuildFile; fileRef = 8C580A00270D14670088E167 /* PHAssetVideoSource.swift */; };
		8C580A38270D14670088E167 /* ImageSource.swift in Sources */ = {isa = PBXBuildFile; fileRef = 8C580A01270D14670088E167 /* ImageSource.swift */; };
		8C580A39270D14670088E167 /* AVAssetSource.swift in Sources */ = {isa = PBXBuildFile; fileRef = 8C580A02270D14670088E167 /* AVAssetSource.swift */; };
		8C580A3A270D14670088E167 /* PHAssetImageSource.swift in Sources */ = {isa = PBXBuildFile; fileRef = 8C580A03270D14670088E167 /* PHAssetImageSource.swift */; };
		8C580A3B270D14670088E167 /* RenderLayerGroup.swift in Sources */ = {isa = PBXBuildFile; fileRef = 8C580A04270D14670088E167 /* RenderLayerGroup.swift */; };
		8C580A3C270D14670088E167 /* BlendOperation.swift in Sources */ = {isa = PBXBuildFile; fileRef = 8C580A07270D14670088E167 /* BlendOperation.swift */; };
		8C580A3D270D14670088E167 /* LookupFilter.metal in Sources */ = {isa = PBXBuildFile; fileRef = 8C580A08270D14670088E167 /* LookupFilter.metal */; };
		8C580A3E270D14670088E167 /* BrightnessAdjustment.metal in Sources */ = {isa = PBXBuildFile; fileRef = 8C580A09270D14670088E167 /* BrightnessAdjustment.metal */; };
		8C580A3F270D14670088E167 /* ChromaKeying.metal in Sources */ = {isa = PBXBuildFile; fileRef = 8C580A0A270D14670088E167 /* ChromaKeying.metal */; };
		8C580A40270D14670088E167 /* ZoomBlur.swift in Sources */ = {isa = PBXBuildFile; fileRef = 8C580A0C270D14670088E167 /* ZoomBlur.swift */; };
		8C580A41270D14670088E167 /* Passthrough.swift in Sources */ = {isa = PBXBuildFile; fileRef = 8C580A0D270D14670088E167 /* Passthrough.swift */; };
		8C580A42270D14670088E167 /* YUVToRGBConversion.metal in Sources */ = {isa = PBXBuildFile; fileRef = 8C580A0E270D14670088E167 /* YUVToRGBConversion.metal */; };
		8C580A43270D14670088E167 /* BasicOperation.swift in Sources */ = {isa = PBXBuildFile; fileRef = 8C580A10270D14670088E167 /* BasicOperation.swift */; };
		8C580A44270D14670088E167 /* BlendOperation.metal in Sources */ = {isa = PBXBuildFile; fileRef = 8C580A11270D14670088E167 /* BlendOperation.metal */; };
		8C580A45270D14670088E167 /* LookupFilter.swift in Sources */ = {isa = PBXBuildFile; fileRef = 8C580A12270D14670088E167 /* LookupFilter.swift */; };
		8C580A46270D14670088E167 /* BrightnessAdjustment.swift in Sources */ = {isa = PBXBuildFile; fileRef = 8C580A14270D14670088E167 /* BrightnessAdjustment.swift */; };
		8C580A47270D14670088E167 /* ChromaKeying.swift in Sources */ = {isa = PBXBuildFile; fileRef = 8C580A15270D14670088E167 /* ChromaKeying.swift */; };
		8C580A48270D14670088E167 /* YUVToRGBConversion.swift in Sources */ = {isa = PBXBuildFile; fileRef = 8C580A16270D14670088E167 /* YUVToRGBConversion.swift */; };
		8C580A49270D14670088E167 /* Passthrough.metal in Sources */ = {isa = PBXBuildFile; fileRef = 8C580A17270D14670088E167 /* Passthrough.metal */; };
		8C580A4A270D14670088E167 /* ZoomBlur.metal in Sources */ = {isa = PBXBuildFile; fileRef = 8C580A18270D14670088E167 /* ZoomBlur.metal */; };
		8C580A4B270D14670088E167 /* MetalRenderingDevice.swift in Sources */ = {isa = PBXBuildFile; fileRef = 8C580A1A270D14670088E167 /* MetalRenderingDevice.swift */; };
		8C580A4C270D14670088E167 /* ShaderUniformSettings.swift in Sources */ = {isa = PBXBuildFile; fileRef = 8C580A1B270D14670088E167 /* ShaderUniformSettings.swift */; };
		8C580A4D270D14670088E167 /* TextureCache.swift in Sources */ = {isa = PBXBuildFile; fileRef = 8C580A1C270D14670088E167 /* TextureCache.swift */; };
		8C580A4E270D14670088E167 /* Size.swift in Sources */ = {isa = PBXBuildFile; fileRef = 8C580A1D270D14670088E167 /* Size.swift */; };
		8C580A4F270D14670088E167 /* MetalRendering.swift in Sources */ = {isa = PBXBuildFile; fileRef = 8C580A1E270D14670088E167 /* MetalRendering.swift */; };
		8C580A50270D14670088E167 /* Position.swift in Sources */ = {isa = PBXBuildFile; fileRef = 8C580A1F270D14670088E167 /* Position.swift */; };
		8C580A51270D14670088E167 /* Texture.swift in Sources */ = {isa = PBXBuildFile; fileRef = 8C580A20270D14670088E167 /* Texture.swift */; };
		8C580A52270D14670088E167 /* Color.swift in Sources */ = {isa = PBXBuildFile; fileRef = 8C580A21270D14670088E167 /* Color.swift */; };
		8C580A53270D14670088E167 /* MathLibrary.swift in Sources */ = {isa = PBXBuildFile; fileRef = 8C580A22270D14670088E167 /* MathLibrary.swift */; };
		8C580A54270D14670088E167 /* Transform.swift in Sources */ = {isa = PBXBuildFile; fileRef = 8C580A23270D14670088E167 /* Transform.swift */; };
		8C580A55270D14670088E167 /* AudioRenderLayerGroup.swift in Sources */ = {isa = PBXBuildFile; fileRef = 8C580A25270D14670088E167 /* AudioRenderLayerGroup.swift */; };
		8C580A56270D14670088E167 /* AudioRenderLayer.swift in Sources */ = {isa = PBXBuildFile; fileRef = 8C580A26270D14670088E167 /* AudioRenderLayer.swift */; };
		8C580A57270D14670088E167 /* VideoLab.swift in Sources */ = {isa = PBXBuildFile; fileRef = 8C580A27270D14670088E167 /* VideoLab.swift */; };
		8C580A58270D14670088E167 /* TextAnimationLayer.swift in Sources */ = {isa = PBXBuildFile; fileRef = 8C580A29270D14670088E167 /* TextAnimationLayer.swift */; };
		8C580A59270D14670088E167 /* TextOpacityAnimationLayer.swift in Sources */ = {isa = PBXBuildFile; fileRef = 8C580A2A270D14670088E167 /* TextOpacityAnimationLayer.swift */; };
		8C580A5A270D14670088E167 /* AudioConfiguration.swift in Sources */ = {isa = PBXBuildFile; fileRef = 8C580A2B270D14670088E167 /* AudioConfiguration.swift */; };
		8C580A5B270D14670088E167 /* RenderLayer.swift in Sources */ = {isa = PBXBuildFile; fileRef = 8C580A2C270D14670088E167 /* RenderLayer.swift */; };
		8C580A5C270D14670088E167 /* TimingFunction.swift in Sources */ = {isa = PBXBuildFile; fileRef = 8C580A2D270D14670088E167 /* TimingFunction.swift */; };
		8C580A5D270D14670088E167 /* KeyframeAnimation.swift in Sources */ = {isa = PBXBuildFile; fileRef = 8C580A2E270D14670088E167 /* KeyframeAnimation.swift */; };
/* End PBXBuildFile section */

/* Begin PBXFileReference section */
		8C5809AC270D13C90088E167 /* videolab.app */ = {isa = PBXFileReference; explicitFileType = wrapper.application; includeInIndex = 0; path = videolab.app; sourceTree = BUILT_PRODUCTS_DIR; };
		8C5809AF270D13C90088E167 /* AppDelegate.swift */ = {isa = PBXFileReference; lastKnownFileType = sourcecode.swift; path = AppDelegate.swift; sourceTree = "<group>"; };
		8C5809B1270D13C90088E167 /* SceneDelegate.swift */ = {isa = PBXFileReference; lastKnownFileType = sourcecode.swift; path = SceneDelegate.swift; sourceTree = "<group>"; };
		8C5809B3270D13C90088E167 /* ViewController.swift */ = {isa = PBXFileReference; lastKnownFileType = sourcecode.swift; path = ViewController.swift; sourceTree = "<group>"; };
		8C5809B8270D13CA0088E167 /* Assets.xcassets */ = {isa = PBXFileReference; lastKnownFileType = folder.assetcatalog; path = Assets.xcassets; sourceTree = "<group>"; };
		8C5809BD270D13CA0088E167 /* Info.plist */ = {isa = PBXFileReference; lastKnownFileType = text.plist.xml; path = Info.plist; sourceTree = "<group>"; };
		8C5809C7270D14160088E167 /* LUT_M01.png */ = {isa = PBXFileReference; lastKnownFileType = image.png; path = LUT_M01.png; sourceTree = "<group>"; };
		8C5809C8270D14160088E167 /* LUT_M02.png */ = {isa = PBXFileReference; lastKnownFileType = image.png; path = LUT_M02.png; sourceTree = "<group>"; };
		8C5809C9270D14160088E167 /* LUT_M03.png */ = {isa = PBXFileReference; lastKnownFileType = image.png; path = LUT_M03.png; sourceTree = "<group>"; };
		8C5809CA270D14160088E167 /* LUT_M07.png */ = {isa = PBXFileReference; lastKnownFileType = image.png; path = LUT_M07.png; sourceTree = "<group>"; };
		8C5809CB270D14160088E167 /* LUT_M06.png */ = {isa = PBXFileReference; lastKnownFileType = image.png; path = LUT_M06.png; sourceTree = "<group>"; };
		8C5809CC270D14160088E167 /* LUT_M12.png */ = {isa = PBXFileReference; lastKnownFileType = image.png; path = LUT_M12.png; sourceTree = "<group>"; };
		8C5809CD270D14160088E167 /* LUT_M11.png */ = {isa = PBXFileReference; lastKnownFileType = image.png; path = LUT_M11.png; sourceTree = "<group>"; };
		8C5809CE270D14160088E167 /* LUT_M05.png */ = {isa = PBXFileReference; lastKnownFileType = image.png; path = LUT_M05.png; sourceTree = "<group>"; };
		8C5809CF270D14160088E167 /* LUT_M08.png */ = {isa = PBXFileReference; lastKnownFileType = image.png; path = LUT_M08.png; sourceTree = "<group>"; };
		8C5809D0270D14160088E167 /* LUT_M09.png */ = {isa = PBXFileReference; lastKnownFileType = image.png; path = LUT_M09.png; sourceTree = "<group>"; };
		8C5809D1270D14160088E167 /* video4.MOV */ = {isa = PBXFileReference; lastKnownFileType = video.quicktime; path = video4.MOV; sourceTree = "<group>"; };
		8C5809D2270D14160088E167 /* video3.MOV */ = {isa = PBXFileReference; lastKnownFileType = video.quicktime; path = video3.MOV; sourceTree = "<group>"; };
		8C5809D3270D14160088E167 /* video2.MOV */ = {isa = PBXFileReference; lastKnownFileType = video.quicktime; path = video2.MOV; sourceTree = "<group>"; };
		8C5809D4270D14160088E167 /* video1.MOV */ = {isa = PBXFileReference; lastKnownFileType = video.quicktime; path = video1.MOV; sourceTree = "<group>"; };
		8C5809D5270D14160088E167 /* image3.HEIC */ = {isa = PBXFileReference; lastKnownFileType = file; path = image3.HEIC; sourceTree = "<group>"; };
		8C5809D7270D14160088E167 /* LaunchScreen.xib */ = {isa = PBXFileReference; fileEncoding = 4; lastKnownFileType = file.xib; path = LaunchScreen.xib; sourceTree = "<group>"; };
		8C5809D8270D14160088E167 /* Main.storyboard */ = {isa = PBXFileReference; fileEncoding = 4; lastKnownFileType = file.storyboard; path = Main.storyboard; sourceTree = "<group>"; };
		8C5809D9270D14160088E167 /* image2.HEIC */ = {isa = PBXFileReference; lastKnownFileType = file; path = image2.HEIC; sourceTree = "<group>"; };
		8C5809DB270D14160088E167 /* image1.JPG */ = {isa = PBXFileReference; lastKnownFileType = image.jpeg; path = image1.JPG; sourceTree = "<group>"; };
		8C5809F1270D141B0088E167 /* PlayerViewController.swift */ = {isa = PBXFileReference; fileEncoding = 4; lastKnownFileType = sourcecode.swift; path = PlayerViewController.swift; sourceTree = "<group>"; };
		8C5809F7270D14670088E167 /* VideoCompositionInstruction.swift */ = {isa = PBXFileReference; fileEncoding = 4; lastKnownFileType = sourcecode.swift; path = VideoCompositionInstruction.swift; sourceTree = "<group>"; };
		8C5809F8270D14670088E167 /* LayerCompositor.swift */ = {isa = PBXFileReference; fileEncoding = 4; lastKnownFileType = sourcecode.swift; path = LayerCompositor.swift; sourceTree = "<group>"; };
		8C5809F9270D14670088E167 /* VideoRenderLayer.swift */ = {isa = PBXFileReference; fileEncoding = 4; lastKnownFileType = sourcecode.swift; path = VideoRenderLayer.swift; sourceTree = "<group>"; };
		8C5809FA270D14670088E167 /* VideoCompositor.swift */ = {isa = PBXFileReference; fileEncoding = 4; lastKnownFileType = sourcecode.swift; path = VideoCompositor.swift; sourceTree = "<group>"; };
		8C5809FB270D14670088E167 /* VideoRenderLayerGroup.swift */ = {isa = PBXFileReference; fileEncoding = 4; lastKnownFileType = sourcecode.swift; path = VideoRenderLayerGroup.swift; sourceTree = "<group>"; };
		8C5809FC270D14670088E167 /* RenderComposition.swift */ = {isa = PBXFileReference; fileEncoding = 4; lastKnownFileType = sourcecode.swift; path = RenderComposition.swift; sourceTree = "<group>"; };
		8C5809FD270D14670088E167 /* VideoLab.bundle */ = {isa = PBXFileReference; lastKnownFileType = "wrapper.plug-in"; path = VideoLab.bundle; sourceTree = "<group>"; };
		8C5809FF270D14670088E167 /* Source.swift */ = {isa = PBXFileReference; fileEncoding = 4; lastKnownFileType = sourcecode.swift; path = Source.swift; sourceTree = "<group>"; };
		8C580A00270D14670088E167 /* PHAssetVideoSource.swift */ = {isa = PBXFileReference; fileEncoding = 4; lastKnownFileType = sourcecode.swift; path = PHAssetVideoSource.swift; sourceTree = "<group>"; };
		8C580A01270D14670088E167 /* ImageSource.swift */ = {isa = PBXFileReference; fileEncoding = 4; lastKnownFileType = sourcecode.swift; path = ImageSource.swift; sourceTree = "<group>"; };
		8C580A02270D14670088E167 /* AVAssetSource.swift */ = {isa = PBXFileReference; fileEncoding = 4; lastKnownFileType = sourcecode.swift; path = AVAssetSource.swift; sourceTree = "<group>"; };
		8C580A03270D14670088E167 /* PHAssetImageSource.swift */ = {isa = PBXFileReference; fileEncoding = 4; lastKnownFileType = sourcecode.swift; path = PHAssetImageSource.swift; sourceTree = "<group>"; };
		8C580A04270D14670088E167 /* RenderLayerGroup.swift */ = {isa = PBXFileReference; fileEncoding = 4; lastKnownFileType = sourcecode.swift; path = RenderLayerGroup.swift; sourceTree = "<group>"; };
		8C580A07270D14670088E167 /* BlendOperation.swift */ = {isa = PBXFileReference; fileEncoding = 4; lastKnownFileType = sourcecode.swift; path = BlendOperation.swift; sourceTree = "<group>"; };
		8C580A08270D14670088E167 /* LookupFilter.metal */ = {isa = PBXFileReference; fileEncoding = 4; lastKnownFileType = sourcecode.metal; path = LookupFilter.metal; sourceTree = "<group>"; };
		8C580A09270D14670088E167 /* BrightnessAdjustment.metal */ = {isa = PBXFileReference; fileEncoding = 4; lastKnownFileType = sourcecode.metal; path = BrightnessAdjustment.metal; sourceTree = "<group>"; };
		8C580A0A270D14670088E167 /* ChromaKeying.metal */ = {isa = PBXFileReference; fileEncoding = 4; lastKnownFileType = sourcecode.metal; path = ChromaKeying.metal; sourceTree = "<group>"; };
		8C580A0B270D14670088E167 /* OperationShaderTypes.h */ = {isa = PBXFileReference; fileEncoding = 4; lastKnownFileType = sourcecode.c.h; path = OperationShaderTypes.h; sourceTree = "<group>"; };
		8C580A0C270D14670088E167 /* ZoomBlur.swift */ = {isa = PBXFileReference; fileEncoding = 4; lastKnownFileType = sourcecode.swift; path = ZoomBlur.swift; sourceTree = "<group>"; };
		8C580A0D270D14670088E167 /* Passthrough.swift */ = {isa = PBXFileReference; fileEncoding = 4; lastKnownFileType = sourcecode.swift; path = Passthrough.swift; sourceTree = "<group>"; };
		8C580A0E270D14670088E167 /* YUVToRGBConversion.metal */ = {isa = PBXFileReference; fileEncoding = 4; lastKnownFileType = sourcecode.metal; path = YUVToRGBConversion.metal; sourceTree = "<group>"; };
		8C580A0F270D14670088E167 /* BlendModeConstants.h */ = {isa = PBXFileReference; fileEncoding = 4; lastKnownFileType = sourcecode.c.h; path = BlendModeConstants.h; sourceTree = "<group>"; };
		8C580A10270D14670088E167 /* BasicOperation.swift */ = {isa = PBXFileReference; fileEncoding = 4; lastKnownFileType = sourcecode.swift; path = BasicOperation.swift; sourceTree = "<group>"; };
		8C580A11270D14670088E167 /* BlendOperation.metal */ = {isa = PBXFileReference; fileEncoding = 4; lastKnownFileType = sourcecode.metal; path = BlendOperation.metal; sourceTree = "<group>"; };
		8C580A12270D14670088E167 /* LookupFilter.swift */ = {isa = PBXFileReference; fileEncoding = 4; lastKnownFileType = sourcecode.swift; path = LookupFilter.swift; sourceTree = "<group>"; };
		8C580A13270D14670088E167 /* OperationConstants.h */ = {isa = PBXFileReference; fileEncoding = 4; lastKnownFileType = sourcecode.c.h; path = OperationConstants.h; sourceTree = "<group>"; };
		8C580A14270D14670088E167 /* BrightnessAdjustment.swift */ = {isa = PBXFileReference; fileEncoding = 4; lastKnownFileType = sourcecode.swift; path = BrightnessAdjustment.swift; sourceTree = "<group>"; };
		8C580A15270D14670088E167 /* ChromaKeying.swift */ = {isa = PBXFileReference; fileEncoding = 4; lastKnownFileType = sourcecode.swift; path = ChromaKeying.swift; sourceTree = "<group>"; };
		8C580A16270D14670088E167 /* YUVToRGBConversion.swift */ = {isa = PBXFileReference; fileEncoding = 4; lastKnownFileType = sourcecode.swift; path = YUVToRGBConversion.swift; sourceTree = "<group>"; };
		8C580A17270D14670088E167 /* Passthrough.metal */ = {isa = PBXFileReference; fileEncoding = 4; lastKnownFileType = sourcecode.metal; path = Passthrough.metal; sourceTree = "<group>"; };
		8C580A18270D14670088E167 /* ZoomBlur.metal */ = {isa = PBXFileReference; fileEncoding = 4; lastKnownFileType = sourcecode.metal; path = ZoomBlur.metal; sourceTree = "<group>"; };
		8C580A1A270D14670088E167 /* MetalRenderingDevice.swift */ = {isa = PBXFileReference; fileEncoding = 4; lastKnownFileType = sourcecode.swift; path = MetalRenderingDevice.swift; sourceTree = "<group>"; };
		8C580A1B270D14670088E167 /* ShaderUniformSettings.swift */ = {isa = PBXFileReference; fileEncoding = 4; lastKnownFileType = sourcecode.swift; path = ShaderUniformSettings.swift; sourceTree = "<group>"; };
		8C580A1C270D14670088E167 /* TextureCache.swift */ = {isa = PBXFileReference; fileEncoding = 4; lastKnownFileType = sourcecode.swift; path = TextureCache.swift; sourceTree = "<group>"; };
		8C580A1D270D14670088E167 /* Size.swift */ = {isa = PBXFileReference; fileEncoding = 4; lastKnownFileType = sourcecode.swift; path = Size.swift; sourceTree = "<group>"; };
		8C580A1E270D14670088E167 /* MetalRendering.swift */ = {isa = PBXFileReference; fileEncoding = 4; lastKnownFileType = sourcecode.swift; path = MetalRendering.swift; sourceTree = "<group>"; };
		8C580A1F270D14670088E167 /* Position.swift */ = {isa = PBXFileReference; fileEncoding = 4; lastKnownFileType = sourcecode.swift; path = Position.swift; sourceTree = "<group>"; };
		8C580A20270D14670088E167 /* Texture.swift */ = {isa = PBXFileReference; fileEncoding = 4; lastKnownFileType = sourcecode.swift; path = Texture.swift; sourceTree = "<group>"; };
		8C580A21270D14670088E167 /* Color.swift */ = {isa = PBXFileReference; fileEncoding = 4; lastKnownFileType = sourcecode.swift; path = Color.swift; sourceTree = "<group>"; };
		8C580A22270D14670088E167 /* MathLibrary.swift */ = {isa = PBXFileReference; fileEncoding = 4; lastKnownFileType = sourcecode.swift; path = MathLibrary.swift; sourceTree = "<group>"; };
		8C580A23270D14670088E167 /* Transform.swift */ = {isa = PBXFileReference; fileEncoding = 4; lastKnownFileType = sourcecode.swift; path = Transform.swift; sourceTree = "<group>"; };
		8C580A25270D14670088E167 /* AudioRenderLayerGroup.swift */ = {isa = PBXFileReference; fileEncoding = 4; lastKnownFileType = sourcecode.swift; path = AudioRenderLayerGroup.swift; sourceTree = "<group>"; };
		8C580A26270D14670088E167 /* AudioRenderLayer.swift */ = {isa = PBXFileReference; fileEncoding = 4; lastKnownFileType = sourcecode.swift; path = AudioRenderLayer.swift; sourceTree = "<group>"; };
		8C580A27270D14670088E167 /* VideoLab.swift */ = {isa = PBXFileReference; fileEncoding = 4; lastKnownFileType = sourcecode.swift; path = VideoLab.swift; sourceTree = "<group>"; };
		8C580A29270D14670088E167 /* TextAnimationLayer.swift */ = {isa = PBXFileReference; fileEncoding = 4; lastKnownFileType = sourcecode.swift; path = TextAnimationLayer.swift; sourceTree = "<group>"; };
		8C580A2A270D14670088E167 /* TextOpacityAnimationLayer.swift */ = {isa = PBXFileReference; fileEncoding = 4; lastKnownFileType = sourcecode.swift; path = TextOpacityAnimationLayer.swift; sourceTree = "<group>"; };
		8C580A2B270D14670088E167 /* AudioConfiguration.swift */ = {isa = PBXFileReference; fileEncoding = 4; lastKnownFileType = sourcecode.swift; path = AudioConfiguration.swift; sourceTree = "<group>"; };
		8C580A2C270D14670088E167 /* RenderLayer.swift */ = {isa = PBXFileReference; fileEncoding = 4; lastKnownFileType = sourcecode.swift; path = RenderLayer.swift; sourceTree = "<group>"; };
		8C580A2D270D14670088E167 /* TimingFunction.swift */ = {isa = PBXFileReference; fileEncoding = 4; lastKnownFileType = sourcecode.swift; path = TimingFunction.swift; sourceTree = "<group>"; };
		8C580A2E270D14670088E167 /* KeyframeAnimation.swift */ = {isa = PBXFileReference; fileEncoding = 4; lastKnownFileType = sourcecode.swift; path = KeyframeAnimation.swift; sourceTree = "<group>"; };
		8C580A62270D16070088E167 /* videolab-Bridging-Header.h */ = {isa = PBXFileReference; lastKnownFileType = sourcecode.c.h; path = "videolab-Bridging-Header.h"; sourceTree = "<group>"; };
/* End PBXFileReference section */

/* Begin PBXFrameworksBuildPhase section */
		8C5809A9270D13C90088E167 /* Frameworks */ = {
			isa = PBXFrameworksBuildPhase;
			buildActionMask = 2147483647;
			files = (
			);
			runOnlyForDeploymentPostprocessing = 0;
		};
/* End PBXFrameworksBuildPhase section */

/* Begin PBXGroup section */
		8C5809A3270D13C90088E167 = {
			isa = PBXGroup;
			children = (
				8C5809AE270D13C90088E167 /* videolab */,
				8C5809AD270D13C90088E167 /* Products */,
			);
			sourceTree = "<group>";
		};
		8C5809AD270D13C90088E167 /* Products */ = {
			isa = PBXGroup;
			children = (
				8C5809AC270D13C90088E167 /* videolab.app */,
			);
			name = Products;
			sourceTree = "<group>";
		};
		8C5809AE270D13C90088E167 /* videolab */ = {
			isa = PBXGroup;
			children = (
				8C5809AF270D13C90088E167 /* AppDelegate.swift */,
				8C5809B1270D13C90088E167 /* SceneDelegate.swift */,
				8C5809B3270D13C90088E167 /* ViewController.swift */,
				8C5809F1270D141B0088E167 /* PlayerViewController.swift */,
				8C5809F5270D14670088E167 /* VideoLab */,
				8C5809C5270D14160088E167 /* Resource */,
				8C5809B8270D13CA0088E167 /* Assets.xcassets */,
				8C5809BD270D13CA0088E167 /* Info.plist */,
				8C580A62270D16070088E167 /* videolab-Bridging-Header.h */,
			);
			path = videolab;
			sourceTree = "<group>";
		};
		8C5809C5270D14160088E167 /* Resource */ = {
			isa = PBXGroup;
			children = (
				8C5809C6270D14160088E167 /* Filters */,
				8C5809D1270D14160088E167 /* video4.MOV */,
				8C5809D2270D14160088E167 /* video3.MOV */,
				8C5809D3270D14160088E167 /* video2.MOV */,
				8C5809D4270D14160088E167 /* video1.MOV */,
				8C5809D5270D14160088E167 /* image3.HEIC */,
				8C5809D6270D14160088E167 /* Storyboard */,
				8C5809D9270D14160088E167 /* image2.HEIC */,
				8C5809DB270D14160088E167 /* image1.JPG */,
			);
			path = Resource;
			sourceTree = "<group>";
		};
		8C5809C6270D14160088E167 /* Filters */ = {
			isa = PBXGroup;
			children = (
				8C5809C7270D14160088E167 /* LUT_M01.png */,
				8C5809C8270D14160088E167 /* LUT_M02.png */,
				8C5809C9270D14160088E167 /* LUT_M03.png */,
				8C5809CA270D14160088E167 /* LUT_M07.png */,
				8C5809CB270D14160088E167 /* LUT_M06.png */,
				8C5809CC270D14160088E167 /* LUT_M12.png */,
				8C5809CD270D14160088E167 /* LUT_M11.png */,
				8C5809CE270D14160088E167 /* LUT_M05.png */,
				8C5809CF270D14160088E167 /* LUT_M08.png */,
				8C5809D0270D14160088E167 /* LUT_M09.png */,
			);
			path = Filters;
			sourceTree = "<group>";
		};
		8C5809D6270D14160088E167 /* Storyboard */ = {
			isa = PBXGroup;
			children = (
				8C5809D7270D14160088E167 /* LaunchScreen.xib */,
				8C5809D8270D14160088E167 /* Main.storyboard */,
			);
			path = Storyboard;
			sourceTree = "<group>";
		};
		8C5809F5270D14670088E167 /* VideoLab */ = {
			isa = PBXGroup;
			children = (
				8C580A27270D14670088E167 /* VideoLab.swift */,
				8C580A2B270D14670088E167 /* AudioConfiguration.swift */,
				8C580A23270D14670088E167 /* Transform.swift */,
				8C580A2D270D14670088E167 /* TimingFunction.swift */,
				8C580A04270D14670088E167 /* RenderLayerGroup.swift */,
				8C580A2C270D14670088E167 /* RenderLayer.swift */,
				8C580A2E270D14670088E167 /* KeyframeAnimation.swift */,
				8C5809FC270D14670088E167 /* RenderComposition.swift */,
				8C5809F6270D14670088E167 /* Video */,
				8C5809FD270D14670088E167 /* VideoLab.bundle */,
				8C5809FE270D14670088E167 /* Source */,
				8C580A05270D14670088E167 /* Render */,
				8C580A24270D14670088E167 /* Audio */,
				8C580A28270D14670088E167 /* Text */,
			);
			path = VideoLab;
			sourceTree = "<group>";
		};
		8C5809F6270D14670088E167 /* Video */ = {
			isa = PBXGroup;
			children = (
				8C5809F7270D14670088E167 /* VideoCompositionInstruction.swift */,
				8C5809F8270D14670088E167 /* LayerCompositor.swift */,
				8C5809F9270D14670088E167 /* VideoRenderLayer.swift */,
				8C5809FA270D14670088E167 /* VideoCompositor.swift */,
				8C5809FB270D14670088E167 /* VideoRenderLayerGroup.swift */,
			);
			path = Video;
			sourceTree = "<group>";
		};
		8C5809FE270D14670088E167 /* Source */ = {
			isa = PBXGroup;
			children = (
				8C5809FF270D14670088E167 /* Source.swift */,
				8C580A00270D14670088E167 /* PHAssetVideoSource.swift */,
				8C580A01270D14670088E167 /* ImageSource.swift */,
				8C580A02270D14670088E167 /* AVAssetSource.swift */,
				8C580A03270D14670088E167 /* PHAssetImageSource.swift */,
			);
			path = Source;
			sourceTree = "<group>";
		};
		8C580A05270D14670088E167 /* Render */ = {
			isa = PBXGroup;
			children = (
				8C580A06270D14670088E167 /* Operations */,
				8C580A19270D14670088E167 /* Base */,
			);
			path = Render;
			sourceTree = "<group>";
		};
		8C580A06270D14670088E167 /* Operations */ = {
			isa = PBXGroup;
			children = (
				8C580A07270D14670088E167 /* BlendOperation.swift */,
				8C580A08270D14670088E167 /* LookupFilter.metal */,
				8C580A09270D14670088E167 /* BrightnessAdjustment.metal */,
				8C580A0A270D14670088E167 /* ChromaKeying.metal */,
				8C580A0B270D14670088E167 /* OperationShaderTypes.h */,
				8C580A0C270D14670088E167 /* ZoomBlur.swift */,
				8C580A0D270D14670088E167 /* Passthrough.swift */,
				8C580A0E270D14670088E167 /* YUVToRGBConversion.metal */,
				8C580A0F270D14670088E167 /* BlendModeConstants.h */,
				8C580A10270D14670088E167 /* BasicOperation.swift */,
				8C580A11270D14670088E167 /* BlendOperation.metal */,
				8C580A12270D14670088E167 /* LookupFilter.swift */,
				8C580A13270D14670088E167 /* OperationConstants.h */,
				8C580A14270D14670088E167 /* BrightnessAdjustment.swift */,
				8C580A15270D14670088E167 /* ChromaKeying.swift */,
				8C580A16270D14670088E167 /* YUVToRGBConversion.swift */,
				8C580A17270D14670088E167 /* Passthrough.metal */,
				8C580A18270D14670088E167 /* ZoomBlur.metal */,
			);
			path = Operations;
			sourceTree = "<group>";
		};
		8C580A19270D14670088E167 /* Base */ = {
			isa = PBXGroup;
			children = (
				8C580A1A270D14670088E167 /* MetalRenderingDevice.swift */,
				8C580A1B270D14670088E167 /* ShaderUniformSettings.swift */,
				8C580A1C270D14670088E167 /* TextureCache.swift */,
				8C580A1D270D14670088E167 /* Size.swift */,
				8C580A1E270D14670088E167 /* MetalRendering.swift */,
				8C580A1F270D14670088E167 /* Position.swift */,
				8C580A20270D14670088E167 /* Texture.swift */,
				8C580A21270D14670088E167 /* Color.swift */,
				8C580A22270D14670088E167 /* MathLibrary.swift */,
			);
			path = Base;
			sourceTree = "<group>";
		};
		8C580A24270D14670088E167 /* Audio */ = {
			isa = PBXGroup;
			children = (
				8C580A25270D14670088E167 /* AudioRenderLayerGroup.swift */,
				8C580A26270D14670088E167 /* AudioRenderLayer.swift */,
			);
			path = Audio;
			sourceTree = "<group>";
		};
		8C580A28270D14670088E167 /* Text */ = {
			isa = PBXGroup;
			children = (
				8C580A29270D14670088E167 /* TextAnimationLayer.swift */,
				8C580A2A270D14670088E167 /* TextOpacityAnimationLayer.swift */,
			);
			path = Text;
			sourceTree = "<group>";
		};
/* End PBXGroup section */

/* Begin PBXNativeTarget section */
		8C5809AB270D13C90088E167 /* videolab */ = {
			isa = PBXNativeTarget;
			buildConfigurationList = 8C5809C0270D13CA0088E167 /* Build configuration list for PBXNativeTarget "videolab" */;
			buildPhases = (
				8C5809A8270D13C90088E167 /* Sources */,
				8C5809A9270D13C90088E167 /* Frameworks */,
				8C5809AA270D13C90088E167 /* Resources */,
			);
			buildRules = (
			);
			dependencies = (
			);
			name = videolab;
			productName = videolab;
			productReference = 8C5809AC270D13C90088E167 /* videolab.app */;
			productType = "com.apple.product-type.application";
		};
/* End PBXNativeTarget section */

/* Begin PBXProject section */
		8C5809A4270D13C90088E167 /* Project object */ = {
			isa = PBXProject;
			attributes = {
				LastSwiftUpdateCheck = 1240;
				LastUpgradeCheck = 1240;
				TargetAttributes = {
					8C5809AB270D13C90088E167 = {
						CreatedOnToolsVersion = 12.4;
						LastSwiftMigration = 1240;
					};
				};
			};
			buildConfigurationList = 8C5809A7270D13C90088E167 /* Build configuration list for PBXProject "videolab" */;
			compatibilityVersion = "Xcode 9.3";
			developmentRegion = en;
			hasScannedForEncodings = 0;
			knownRegions = (
				en,
				Base,
			);
			mainGroup = 8C5809A3270D13C90088E167;
			productRefGroup = 8C5809AD270D13C90088E167 /* Products */;
			projectDirPath = "";
			projectRoot = "";
			targets = (
				8C5809AB270D13C90088E167 /* videolab */,
			);
		};
/* End PBXProject section */

/* Begin PBXResourcesBuildPhase section */
		8C5809AA270D13C90088E167 /* Resources */ = {
			isa = PBXResourcesBuildPhase;
			buildActionMask = 2147483647;
			files = (
				8C5809DC270D14160088E167 /* LUT_M01.png in Resources */,
				8C5809E6270D14160088E167 /* video4.MOV in Resources */,
				8C5809E2270D14160088E167 /* LUT_M11.png in Resources */,
				8C5809EB270D14160088E167 /* LaunchScreen.xib in Resources */,
				8C5809E7270D14160088E167 /* video3.MOV in Resources */,
				8C5809E3270D14160088E167 /* LUT_M05.png in Resources */,
				8C5809B9270D13CA0088E167 /* Assets.xcassets in Resources */,
				8C580A35270D14670088E167 /* VideoLab.bundle in Resources */,
				8C5809DE270D14160088E167 /* LUT_M03.png in Resources */,
				8C5809E8270D14160088E167 /* video2.MOV in Resources */,
				8C5809EA270D14160088E167 /* image3.HEIC in Resources */,
				8C5809DF270D14160088E167 /* LUT_M07.png in Resources */,
				8C5809DD270D14160088E167 /* LUT_M02.png in Resources */,
				8C5809EF270D14160088E167 /* image1.JPG in Resources */,
				8C5809E4270D14160088E167 /* LUT_M08.png in Resources */,
				8C5809E0270D14160088E167 /* LUT_M06.png in Resources */,
				8C5809E1270D14160088E167 /* LUT_M12.png in Resources */,
				8C5809EC270D14160088E167 /* Main.storyboard in Resources */,
				8C5809ED270D14160088E167 /* image2.HEIC in Resources */,
				8C5809E9270D14160088E167 /* video1.MOV in Resources */,
				8C5809E5270D14160088E167 /* LUT_M09.png in Resources */,
			);
			runOnlyForDeploymentPostprocessing = 0;
		};
/* End PBXResourcesBuildPhase section */

/* Begin PBXSourcesBuildPhase section */
		8C5809A8270D13C90088E167 /* Sources */ = {
			isa = PBXSourcesBuildPhase;
			buildActionMask = 2147483647;
			files = (
				8C580A38270D14670088E167 /* ImageSource.swift in Sources */,
				8C580A51270D14670088E167 /* Texture.swift in Sources */,
				8C580A4E270D14670088E167 /* Size.swift in Sources */,
				8C580A4A270D14670088E167 /* ZoomBlur.metal in Sources */,
				8C580A45270D14670088E167 /* LookupFilter.swift in Sources */,
				8C580A3D270D14670088E167 /* LookupFilter.metal in Sources */,
				8C580A43270D14670088E167 /* BasicOperation.swift in Sources */,
				8C580A40270D14670088E167 /* ZoomBlur.swift in Sources */,
				8C580A34270D14670088E167 /* RenderComposition.swift in Sources */,
				8C580A47270D14670088E167 /* ChromaKeying.swift in Sources */,
				8C5809B4270D13C90088E167 /* ViewController.swift in Sources */,
				8C5809F2270D141B0088E167 /* PlayerViewController.swift in Sources */,
				8C580A54270D14670088E167 /* Transform.swift in Sources */,
				8C580A44270D14670088E167 /* BlendOperation.metal in Sources */,
				8C580A56270D14670088E167 /* AudioRenderLayer.swift in Sources */,
				8C580A42270D14670088E167 /* YUVToRGBConversion.metal in Sources */,
				8C580A58270D14670088E167 /* TextAnimationLayer.swift in Sources */,
				8C580A4D270D14670088E167 /* TextureCache.swift in Sources */,
				8C580A39270D14670088E167 /* AVAssetSource.swift in Sources */,
				8C580A48270D14670088E167 /* YUVToRGBConversion.swift in Sources */,
				8C580A52270D14670088E167 /* Color.swift in Sources */,
				8C580A33270D14670088E167 /* VideoRenderLayerGroup.swift in Sources */,
				8C580A53270D14670088E167 /* MathLibrary.swift in Sources */,
				8C580A36270D14670088E167 /* Source.swift in Sources */,
				8C580A30270D14670088E167 /* LayerCompositor.swift in Sources */,
				8C580A5B270D14670088E167 /* RenderLayer.swift in Sources */,
				8C580A59270D14670088E167 /* TextOpacityAnimationLayer.swift in Sources */,
				8C5809B0270D13C90088E167 /* AppDelegate.swift in Sources */,
				8C580A5C270D14670088E167 /* TimingFunction.swift in Sources */,
				8C580A37270D14670088E167 /* PHAssetVideoSource.swift in Sources */,
				8C580A50270D14670088E167 /* Position.swift in Sources */,
				8C580A3E270D14670088E167 /* BrightnessAdjustment.metal in Sources */,
				8C5809B2270D13C90088E167 /* SceneDelegate.swift in Sources */,
				8C580A5A270D14670088E167 /* AudioConfiguration.swift in Sources */,
				8C580A3B270D14670088E167 /* RenderLayerGroup.swift in Sources */,
				8C580A4F270D14670088E167 /* MetalRendering.swift in Sources */,
				8C580A4B270D14670088E167 /* MetalRenderingDevice.swift in Sources */,
				8C580A2F270D14670088E167 /* VideoCompositionInstruction.swift in Sources */,
				8C580A41270D14670088E167 /* Passthrough.swift in Sources */,
				8C580A32270D14670088E167 /* VideoCompositor.swift in Sources */,
				8C580A57270D14670088E167 /* VideoLab.swift in Sources */,
				8C580A3F270D14670088E167 /* ChromaKeying.metal in Sources */,
				8C580A5D270D14670088E167 /* KeyframeAnimation.swift in Sources */,
				8C580A4C270D14670088E167 /* ShaderUniformSettings.swift in Sources */,
				8C580A31270D14670088E167 /* VideoRenderLayer.swift in Sources */,
				8C580A3A270D14670088E167 /* PHAssetImageSource.swift in Sources */,
				8C580A3C270D14670088E167 /* BlendOperation.swift in Sources */,
				8C580A49270D14670088E167 /* Passthrough.metal in Sources */,
				8C580A55270D14670088E167 /* AudioRenderLayerGroup.swift in Sources */,
				8C580A46270D14670088E167 /* BrightnessAdjustment.swift in Sources */,
			);
			runOnlyForDeploymentPostprocessing = 0;
		};
/* End PBXSourcesBuildPhase section */

/* Begin XCBuildConfiguration section */
		8C5809BE270D13CA0088E167 /* Debug */ = {
			isa = XCBuildConfiguration;
			buildSettings = {
				ALWAYS_SEARCH_USER_PATHS = NO;
				CLANG_ANALYZER_NONNULL = YES;
				CLANG_ANALYZER_NUMBER_OBJECT_CONVERSION = YES_AGGRESSIVE;
				CLANG_CXX_LANGUAGE_STANDARD = "gnu++14";
				CLANG_CXX_LIBRARY = "libc++";
				CLANG_ENABLE_MODULES = YES;
				CLANG_ENABLE_OBJC_ARC = YES;
				CLANG_ENABLE_OBJC_WEAK = YES;
				CLANG_WARN_BLOCK_CAPTURE_AUTORELEASING = YES;
				CLANG_WARN_BOOL_CONVERSION = YES;
				CLANG_WARN_COMMA = YES;
				CLANG_WARN_CONSTANT_CONVERSION = YES;
				CLANG_WARN_DEPRECATED_OBJC_IMPLEMENTATIONS = YES;
				CLANG_WARN_DIRECT_OBJC_ISA_USAGE = YES_ERROR;
				CLANG_WARN_DOCUMENTATION_COMMENTS = YES;
				CLANG_WARN_EMPTY_BODY = YES;
				CLANG_WARN_ENUM_CONVERSION = YES;
				CLANG_WARN_INFINITE_RECURSION = YES;
				CLANG_WARN_INT_CONVERSION = YES;
				CLANG_WARN_NON_LITERAL_NULL_CONVERSION = YES;
				CLANG_WARN_OBJC_IMPLICIT_RETAIN_SELF = YES;
				CLANG_WARN_OBJC_LITERAL_CONVERSION = YES;
				CLANG_WARN_OBJC_ROOT_CLASS = YES_ERROR;
				CLANG_WARN_QUOTED_INCLUDE_IN_FRAMEWORK_HEADER = YES;
				CLANG_WARN_RANGE_LOOP_ANALYSIS = YES;
				CLANG_WARN_STRICT_PROTOTYPES = YES;
				CLANG_WARN_SUSPICIOUS_MOVE = YES;
				CLANG_WARN_UNGUARDED_AVAILABILITY = YES_AGGRESSIVE;
				CLANG_WARN_UNREACHABLE_CODE = YES;
				CLANG_WARN__DUPLICATE_METHOD_MATCH = YES;
				COPY_PHASE_STRIP = NO;
				DEBUG_INFORMATION_FORMAT = dwarf;
				ENABLE_STRICT_OBJC_MSGSEND = YES;
				ENABLE_TESTABILITY = YES;
				GCC_C_LANGUAGE_STANDARD = gnu11;
				GCC_DYNAMIC_NO_PIC = NO;
				GCC_NO_COMMON_BLOCKS = YES;
				GCC_OPTIMIZATION_LEVEL = 0;
				GCC_PREPROCESSOR_DEFINITIONS = (
					"DEBUG=1",
					"$(inherited)",
				);
				GCC_WARN_64_TO_32_BIT_CONVERSION = YES;
				GCC_WARN_ABOUT_RETURN_TYPE = YES_ERROR;
				GCC_WARN_UNDECLARED_SELECTOR = YES;
				GCC_WARN_UNINITIALIZED_AUTOS = YES_AGGRESSIVE;
				GCC_WARN_UNUSED_FUNCTION = YES;
				GCC_WARN_UNUSED_VARIABLE = YES;
				IPHONEOS_DEPLOYMENT_TARGET = 14.4;
				MTL_ENABLE_DEBUG_INFO = INCLUDE_SOURCE;
				MTL_FAST_MATH = YES;
				ONLY_ACTIVE_ARCH = YES;
				SDKROOT = iphoneos;
				SWIFT_ACTIVE_COMPILATION_CONDITIONS = DEBUG;
				SWIFT_OPTIMIZATION_LEVEL = "-Onone";
			};
			name = Debug;
		};
		8C5809BF270D13CA0088E167 /* Release */ = {
			isa = XCBuildConfiguration;
			buildSettings = {
				ALWAYS_SEARCH_USER_PATHS = NO;
				CLANG_ANALYZER_NONNULL = YES;
				CLANG_ANALYZER_NUMBER_OBJECT_CONVERSION = YES_AGGRESSIVE;
				CLANG_CXX_LANGUAGE_STANDARD = "gnu++14";
				CLANG_CXX_LIBRARY = "libc++";
				CLANG_ENABLE_MODULES = YES;
				CLANG_ENABLE_OBJC_ARC = YES;
				CLANG_ENABLE_OBJC_WEAK = YES;
				CLANG_WARN_BLOCK_CAPTURE_AUTORELEASING = YES;
				CLANG_WARN_BOOL_CONVERSION = YES;
				CLANG_WARN_COMMA = YES;
				CLANG_WARN_CONSTANT_CONVERSION = YES;
				CLANG_WARN_DEPRECATED_OBJC_IMPLEMENTATIONS = YES;
				CLANG_WARN_DIRECT_OBJC_ISA_USAGE = YES_ERROR;
				CLANG_WARN_DOCUMENTATION_COMMENTS = YES;
				CLANG_WARN_EMPTY_BODY = YES;
				CLANG_WARN_ENUM_CONVERSION = YES;
				CLANG_WARN_INFINITE_RECURSION = YES;
				CLANG_WARN_INT_CONVERSION = YES;
				CLANG_WARN_NON_LITERAL_NULL_CONVERSION = YES;
				CLANG_WARN_OBJC_IMPLICIT_RETAIN_SELF = YES;
				CLANG_WARN_OBJC_LITERAL_CONVERSION = YES;
				CLANG_WARN_OBJC_ROOT_CLASS = YES_ERROR;
				CLANG_WARN_QUOTED_INCLUDE_IN_FRAMEWORK_HEADER = YES;
				CLANG_WARN_RANGE_LOOP_ANALYSIS = YES;
				CLANG_WARN_STRICT_PROTOTYPES = YES;
				CLANG_WARN_SUSPICIOUS_MOVE = YES;
				CLANG_WARN_UNGUARDED_AVAILABILITY = YES_AGGRESSIVE;
				CLANG_WARN_UNREACHABLE_CODE = YES;
				CLANG_WARN__DUPLICATE_METHOD_MATCH = YES;
				COPY_PHASE_STRIP = NO;
				DEBUG_INFORMATION_FORMAT = "dwarf-with-dsym";
				ENABLE_NS_ASSERTIONS = NO;
				ENABLE_STRICT_OBJC_MSGSEND = YES;
				GCC_C_LANGUAGE_STANDARD = gnu11;
				GCC_NO_COMMON_BLOCKS = YES;
				GCC_WARN_64_TO_32_BIT_CONVERSION = YES;
				GCC_WARN_ABOUT_RETURN_TYPE = YES_ERROR;
				GCC_WARN_UNDECLARED_SELECTOR = YES;
				GCC_WARN_UNINITIALIZED_AUTOS = YES_AGGRESSIVE;
				GCC_WARN_UNUSED_FUNCTION = YES;
				GCC_WARN_UNUSED_VARIABLE = YES;
				IPHONEOS_DEPLOYMENT_TARGET = 14.4;
				MTL_ENABLE_DEBUG_INFO = NO;
				MTL_FAST_MATH = YES;
				SDKROOT = iphoneos;
				SWIFT_COMPILATION_MODE = wholemodule;
				SWIFT_OPTIMIZATION_LEVEL = "-O";
				VALIDATE_PRODUCT = YES;
			};
			name = Release;
		};
		8C5809C1270D13CA0088E167 /* Debug */ = {
			isa = XCBuildConfiguration;
			buildSettings = {
				ASSETCATALOG_COMPILER_APPICON_NAME = AppIcon;
				ASSETCATALOG_COMPILER_GLOBAL_ACCENT_COLOR_NAME = AccentColor;
				CLANG_ENABLE_MODULES = YES;
				CODE_SIGN_IDENTITY = "iPhone Developer";
				CODE_SIGN_STYLE = Manual;
				DEVELOPMENT_TEAM = 736CHS853G;
				INFOPLIST_FILE = videolab/Info.plist;
				IPHONEOS_DEPLOYMENT_TARGET = 13.2;
				LD_RUNPATH_SEARCH_PATHS = (
					"$(inherited)",
					"@executable_path/Frameworks",
				);
				PRODUCT_BUNDLE_IDENTIFIER = com.test.videolab;
				PRODUCT_NAME = "$(TARGET_NAME)";
				PROVISIONING_PROFILE_SPECIFIER = AlPro_I016;
				SWIFT_OBJC_BRIDGING_HEADER = "videolab/videolab-Bridging-Header.h";
				SWIFT_OPTIMIZATION_LEVEL = "-Onone";
				SWIFT_VERSION = 5.0;
				TARGETED_DEVICE_FAMILY = 1;
			};
			name = Debug;
		};
		8C5809C2270D13CA0088E167 /* Release */ = {
			isa = XCBuildConfiguration;
			buildSettings = {
				ASSETCATALOG_COMPILER_APPICON_NAME = AppIcon;
				ASSETCATALOG_COMPILER_GLOBAL_ACCENT_COLOR_NAME = AccentColor;
				CLANG_ENABLE_MODULES = YES;
				CODE_SIGN_IDENTITY = "iPhone Developer";
				CODE_SIGN_STYLE = Manual;
				DEVELOPMENT_TEAM = 736CHS853G;
				INFOPLIST_FILE = videolab/Info.plist;
				IPHONEOS_DEPLOYMENT_TARGET = 13.2;
				LD_RUNPATH_SEARCH_PATHS = (
					"$(inherited)",
					"@executable_path/Frameworks",
				);
				PRODUCT_BUNDLE_IDENTIFIER = com.test.videolab;
				PRODUCT_NAME = "$(TARGET_NAME)";
				PROVISIONING_PROFILE_SPECIFIER = AlPro_I016;
				SWIFT_OBJC_BRIDGING_HEADER = "videolab/videolab-Bridging-Header.h";
				SWIFT_VERSION = 5.0;
				TARGETED_DEVICE_FAMILY = 1;
			};
			name = Release;
		};
/* End XCBuildConfiguration section */

/* Begin XCConfigurationList section */
		8C5809A7270D13C90088E167 /* Build configuration list for PBXProject "videolab" */ = {
			isa = XCConfigurationList;
			buildConfigurations = (
				8C5809BE270D13CA0088E167 /* Debug */,
				8C5809BF270D13CA0088E167 /* Release */,
			);
			defaultConfigurationIsVisible = 0;
			defaultConfigurationName = Release;
		};
		8C5809C0270D13CA0088E167 /* Build configuration list for PBXNativeTarget "videolab" */ = {
			isa = XCConfigurationList;
			buildConfigurations = (
				8C5809C1270D13CA0088E167 /* Debug */,
				8C5809C2270D13CA0088E167 /* Release */,
			);
			defaultConfigurationIsVisible = 0;
			defaultConfigurationName = Release;
		};
/* End XCConfigurationList section */
	};
	rootObject = 8C5809A4270D13C90088E167 /* Project object */;
}
