// !$*UTF8*$!
{
	archiveVersion = 1;
	classes = {
	};
	objectVersion = 50;
	objects = {

/* Begin PBXBuildFile section */
		8C3EDBFE270AD9590024F817 /* watermark.png in Resources */ = {isa = PBXBuildFile; fileRef = 8C3EDBFC270AD9590024F817 /* watermark.png */; };
		8C3EDBFF270AD9590024F817 /* original.jpg in Resources */ = {isa = PBXBuildFile; fileRef = 8C3EDBFD270AD9590024F817 /* original.jpg */; };
		8C3EDC0B270ADBF80024F817 /* watermark.jpg in Resources */ = {isa = PBXBuildFile; fileRef = 8C3EDC0A270ADBF80024F817 /* watermark.jpg */; };
		8C3EDC16270ADFFD0024F817 /* DWT.cpp in Sources */ = {isa = PBXBuildFile; fileRef = 8C3EDC0F270ADFFC0024F817 /* DWT.cpp */; };
		8C3EDC17270ADFFD0024F817 /* BitBuffer.cpp in Sources */ = {isa = PBXBuildFile; fileRef = 8C3EDC10270ADFFD0024F817 /* BitBuffer.cpp */; };
		8C3EDC18270ADFFD0024F817 /* Embed.cpp in Sources */ = {isa = PBXBuildFile; fileRef = 8C3EDC12270ADFFD0024F817 /* Embed.cpp */; };
		8C3EDC19270ADFFD0024F817 /* Extract.cpp in Sources */ = {isa = PBXBuildFile; fileRef = 8C3EDC14270ADFFD0024F817 /* Extract.cpp */; };
		8C3EDC1A270ADFFD0024F817 /* Headers.cpp in Sources */ = {isa = PBXBuildFile; fileRef = 8C3EDC15270ADFFD0024F817 /* Headers.cpp */; };
		8C3EDC1E270AE1000024F817 /* HiddenWatermark.cpp in Sources */ = {isa = PBXBuildFile; fileRef = 8C3EDC1C270AE1000024F817 /* HiddenWatermark.cpp */; };
		8C3EDC23270AEB7C0024F817 /* Dog.png in Resources */ = {isa = PBXBuildFile; fileRef = 8C3EDC22270AEB7C0024F817 /* Dog.png */; };
		8C6F647B270452F7001A8DB7 /* AppDelegate.swift in Sources */ = {isa = PBXBuildFile; fileRef = 8C6F647A270452F7001A8DB7 /* AppDelegate.swift */; };
		8C6F647D270452F7001A8DB7 /* SceneDelegate.swift in Sources */ = {isa = PBXBuildFile; fileRef = 8C6F647C270452F7001A8DB7 /* SceneDelegate.swift */; };
		8C6F647F270452F7001A8DB7 /* ViewController.swift in Sources */ = {isa = PBXBuildFile; fileRef = 8C6F647E270452F7001A8DB7 /* ViewController.swift */; };
		8C6F6482270452F7001A8DB7 /* Main.storyboard in Resources */ = {isa = PBXBuildFile; fileRef = 8C6F6480270452F7001A8DB7 /* Main.storyboard */; };
		8C6F6484270452F8001A8DB7 /* Assets.xcassets in Resources */ = {isa = PBXBuildFile; fileRef = 8C6F6483270452F8001A8DB7 /* Assets.xcassets */; };
		8C6F6487270452F8001A8DB7 /* LaunchScreen.storyboard in Resources */ = {isa = PBXBuildFile; fileRef = 8C6F6485270452F8001A8DB7 /* LaunchScreen.storyboard */; };
		8C6F64EC27046DAE001A8DB7 /* WTMKBridge.mm in Sources */ = {isa = PBXBuildFile; fileRef = 8C6F64EA27046DAE001A8DB7 /* WTMKBridge.mm */; };
		8C6F64F727046DD9001A8DB7 /* opencv2.framework in Frameworks */ = {isa = PBXBuildFile; fileRef = 8C6F64F327046DD9001A8DB7 /* opencv2.framework */; };
/* End PBXBuildFile section */

/* Begin PBXFileReference section */
		8C3EDBFC270AD9590024F817 /* watermark.png */ = {isa = PBXFileReference; lastKnownFileType = image.png; path = watermark.png; sourceTree = "<group>"; };
		8C3EDBFD270AD9590024F817 /* original.jpg */ = {isa = PBXFileReference; lastKnownFileType = image.jpeg; path = original.jpg; sourceTree = "<group>"; };
		8C3EDC0A270ADBF80024F817 /* watermark.jpg */ = {isa = PBXFileReference; lastKnownFileType = image.jpeg; path = watermark.jpg; sourceTree = "<group>"; };
		8C3EDC0E270ADFFC0024F817 /* Headers.h */ = {isa = PBXFileReference; fileEncoding = 4; lastKnownFileType = sourcecode.c.h; path = Headers.h; sourceTree = "<group>"; };
		8C3EDC0F270ADFFC0024F817 /* DWT.cpp */ = {isa = PBXFileReference; fileEncoding = 4; lastKnownFileType = sourcecode.cpp.cpp; path = DWT.cpp; sourceTree = "<group>"; };
		8C3EDC10270ADFFD0024F817 /* BitBuffer.cpp */ = {isa = PBXFileReference; fileEncoding = 4; lastKnownFileType = sourcecode.cpp.cpp; path = BitBuffer.cpp; sourceTree = "<group>"; };
		8C3EDC11270ADFFD0024F817 /* DWT.h */ = {isa = PBXFileReference; fileEncoding = 4; lastKnownFileType = sourcecode.c.h; path = DWT.h; sourceTree = "<group>"; };
		8C3EDC12270ADFFD0024F817 /* Embed.cpp */ = {isa = PBXFileReference; fileEncoding = 4; lastKnownFileType = sourcecode.cpp.cpp; path = Embed.cpp; sourceTree = "<group>"; };
		8C3EDC13270ADFFD0024F817 /* BitBuffer.hpp */ = {isa = PBXFileReference; fileEncoding = 4; lastKnownFileType = sourcecode.cpp.h; path = BitBuffer.hpp; sourceTree = "<group>"; };
		8C3EDC14270ADFFD0024F817 /* Extract.cpp */ = {isa = PBXFileReference; fileEncoding = 4; lastKnownFileType = sourcecode.cpp.cpp; path = Extract.cpp; sourceTree = "<group>"; };
		8C3EDC15270ADFFD0024F817 /* Headers.cpp */ = {isa = PBXFileReference; fileEncoding = 4; lastKnownFileType = sourcecode.cpp.cpp; path = Headers.cpp; sourceTree = "<group>"; };
		8C3EDC1C270AE1000024F817 /* HiddenWatermark.cpp */ = {isa = PBXFileReference; lastKnownFileType = sourcecode.cpp.cpp; path = HiddenWatermark.cpp; sourceTree = "<group>"; };
		8C3EDC1D270AE1000024F817 /* HiddenWatermark.hpp */ = {isa = PBXFileReference; lastKnownFileType = sourcecode.cpp.h; path = HiddenWatermark.hpp; sourceTree = "<group>"; };
		8C3EDC22270AEB7C0024F817 /* Dog.png */ = {isa = PBXFileReference; lastKnownFileType = image.png; path = Dog.png; sourceTree = "<group>"; };
		8C6F6477270452F7001A8DB7 /* wtmk.app */ = {isa = PBXFileReference; explicitFileType = wrapper.application; includeInIndex = 0; path = wtmk.app; sourceTree = BUILT_PRODUCTS_DIR; };
		8C6F647A270452F7001A8DB7 /* AppDelegate.swift */ = {isa = PBXFileReference; lastKnownFileType = sourcecode.swift; path = AppDelegate.swift; sourceTree = "<group>"; };
		8C6F647C270452F7001A8DB7 /* SceneDelegate.swift */ = {isa = PBXFileReference; lastKnownFileType = sourcecode.swift; path = SceneDelegate.swift; sourceTree = "<group>"; };
		8C6F647E270452F7001A8DB7 /* ViewController.swift */ = {isa = PBXFileReference; lastKnownFileType = sourcecode.swift; path = ViewController.swift; sourceTree = "<group>"; };
		8C6F6481270452F7001A8DB7 /* Base */ = {isa = PBXFileReference; lastKnownFileType = file.storyboard; name = Base; path = Base.lproj/Main.storyboard; sourceTree = "<group>"; };
		8C6F6483270452F8001A8DB7 /* Assets.xcassets */ = {isa = PBXFileReference; lastKnownFileType = folder.assetcatalog; path = Assets.xcassets; sourceTree = "<group>"; };
		8C6F6486270452F8001A8DB7 /* Base */ = {isa = PBXFileReference; lastKnownFileType = file.storyboard; name = Base; path = Base.lproj/LaunchScreen.storyboard; sourceTree = "<group>"; };
		8C6F6488270452F8001A8DB7 /* Info.plist */ = {isa = PBXFileReference; lastKnownFileType = text.plist.xml; path = Info.plist; sourceTree = "<group>"; };
		8C6F64DB27046D7D001A8DB7 /* wtmk-Bridging-Header.h */ = {isa = PBXFileReference; lastKnownFileType = sourcecode.c.h; path = "wtmk-Bridging-Header.h"; sourceTree = "<group>"; };
		8C6F64EA27046DAE001A8DB7 /* WTMKBridge.mm */ = {isa = PBXFileReference; fileEncoding = 4; lastKnownFileType = sourcecode.cpp.objcpp; path = WTMKBridge.mm; sourceTree = "<group>"; };
		8C6F64EB27046DAE001A8DB7 /* WTMKBridge.h */ = {isa = PBXFileReference; fileEncoding = 4; lastKnownFileType = sourcecode.c.h; path = WTMKBridge.h; sourceTree = "<group>"; };
		8C6F64F327046DD9001A8DB7 /* opencv2.framework */ = {isa = PBXFileReference; lastKnownFileType = wrapper.framework; path = opencv2.framework; sourceTree = "<group>"; };
/* End PBXFileReference section */

/* Begin PBXFrameworksBuildPhase section */
		8C6F6474270452F7001A8DB7 /* Frameworks */ = {
			isa = PBXFrameworksBuildPhase;
			buildActionMask = 2147483647;
			files = (
				8C6F64F727046DD9001A8DB7 /* opencv2.framework in Frameworks */,
			);
			runOnlyForDeploymentPostprocessing = 0;
		};
/* End PBXFrameworksBuildPhase section */

/* Begin PBXGroup section */
		8C3EDBFB270AD9590024F817 /* Test */ = {
			isa = PBXGroup;
			children = (
				8C3EDC22270AEB7C0024F817 /* Dog.png */,
				8C3EDBFC270AD9590024F817 /* watermark.png */,
				8C3EDC0A270ADBF80024F817 /* watermark.jpg */,
				8C3EDBFD270AD9590024F817 /* original.jpg */,
			);
			name = Test;
			path = Resource/Test;
			sourceTree = SOURCE_ROOT;
		};
		8C6F646E270452F7001A8DB7 = {
			isa = PBXGroup;
			children = (
				8C6F64EF27046DD9001A8DB7 /* Core */,
				8C6F6479270452F7001A8DB7 /* wtmk */,
				8C6F6478270452F7001A8DB7 /* Products */,
			);
			sourceTree = "<group>";
		};
		8C6F6478270452F7001A8DB7 /* Products */ = {
			isa = PBXGroup;
			children = (
				8C6F6477270452F7001A8DB7 /* wtmk.app */,
			);
			name = Products;
			sourceTree = "<group>";
		};
		8C6F6479270452F7001A8DB7 /* wtmk */ = {
			isa = PBXGroup;
			children = (
				8C6F647A270452F7001A8DB7 /* AppDelegate.swift */,
				8C6F647C270452F7001A8DB7 /* SceneDelegate.swift */,
				8C6F647E270452F7001A8DB7 /* ViewController.swift */,
				8C6F64EB27046DAE001A8DB7 /* WTMKBridge.h */,
				8C6F64EA27046DAE001A8DB7 /* WTMKBridge.mm */,
				8C6F6480270452F7001A8DB7 /* Main.storyboard */,
				8C6F6483270452F8001A8DB7 /* Assets.xcassets */,
				8C6F6485270452F8001A8DB7 /* LaunchScreen.storyboard */,
				8C6F6488270452F8001A8DB7 /* Info.plist */,
				8C6F64DB27046D7D001A8DB7 /* wtmk-Bridging-Header.h */,
				8C3EDBFB270AD9590024F817 /* Test */,
			);
			path = wtmk;
			sourceTree = "<group>";
		};
		8C6F64EF27046DD9001A8DB7 /* Core */ = {
			isa = PBXGroup;
			children = (
				8C3EDC10270ADFFD0024F817 /* BitBuffer.cpp */,
				8C3EDC13270ADFFD0024F817 /* BitBuffer.hpp */,
				8C3EDC0F270ADFFC0024F817 /* DWT.cpp */,
				8C3EDC11270ADFFD0024F817 /* DWT.h */,
				8C3EDC12270ADFFD0024F817 /* Embed.cpp */,
				8C3EDC14270ADFFD0024F817 /* Extract.cpp */,
				8C3EDC15270ADFFD0024F817 /* Headers.cpp */,
				8C3EDC0E270ADFFC0024F817 /* Headers.h */,
				8C3EDC1C270AE1000024F817 /* HiddenWatermark.cpp */,
				8C3EDC1D270AE1000024F817 /* HiddenWatermark.hpp */,
				8C6F64F327046DD9001A8DB7 /* opencv2.framework */,
			);
			path = Core;
			sourceTree = "<group>";
		};
/* End PBXGroup section */

/* Begin PBXNativeTarget section */
		8C6F6476270452F7001A8DB7 /* wtmk */ = {
			isa = PBXNativeTarget;
			buildConfigurationList = 8C6F648B270452F8001A8DB7 /* Build configuration list for PBXNativeTarget "wtmk" */;
			buildPhases = (
				8C6F6473270452F7001A8DB7 /* Sources */,
				8C6F6474270452F7001A8DB7 /* Frameworks */,
				8C6F6475270452F7001A8DB7 /* Resources */,
			);
			buildRules = (
			);
			dependencies = (
			);
			name = wtmk;
			productName = wtmk;
			productReference = 8C6F6477270452F7001A8DB7 /* wtmk.app */;
			productType = "com.apple.product-type.application";
		};
/* End PBXNativeTarget section */

/* Begin PBXProject section */
		8C6F646F270452F7001A8DB7 /* Project object */ = {
			isa = PBXProject;
			attributes = {
				LastSwiftUpdateCheck = 1240;
				LastUpgradeCheck = 1240;
				TargetAttributes = {
					8C6F6476270452F7001A8DB7 = {
						CreatedOnToolsVersion = 12.4;
						LastSwiftMigration = 1240;
					};
				};
			};
			buildConfigurationList = 8C6F6472270452F7001A8DB7 /* Build configuration list for PBXProject "wtmk" */;
			compatibilityVersion = "Xcode 9.3";
			developmentRegion = en;
			hasScannedForEncodings = 0;
			knownRegions = (
				en,
				Base,
			);
			mainGroup = 8C6F646E270452F7001A8DB7;
			productRefGroup = 8C6F6478270452F7001A8DB7 /* Products */;
			projectDirPath = "";
			projectRoot = "";
			targets = (
				8C6F6476270452F7001A8DB7 /* wtmk */,
			);
		};
/* End PBXProject section */

/* Begin PBXResourcesBuildPhase section */
		8C6F6475270452F7001A8DB7 /* Resources */ = {
			isa = PBXResourcesBuildPhase;
			buildActionMask = 2147483647;
			files = (
				8C6F6487270452F8001A8DB7 /* LaunchScreen.storyboard in Resources */,
				8C6F6484270452F8001A8DB7 /* Assets.xcassets in Resources */,
				8C3EDC23270AEB7C0024F817 /* Dog.png in Resources */,
				8C3EDBFE270AD9590024F817 /* watermark.png in Resources */,
				8C6F6482270452F7001A8DB7 /* Main.storyboard in Resources */,
				8C3EDC0B270ADBF80024F817 /* watermark.jpg in Resources */,
				8C3EDBFF270AD9590024F817 /* original.jpg in Resources */,
			);
			runOnlyForDeploymentPostprocessing = 0;
		};
/* End PBXResourcesBuildPhase section */

/* Begin PBXSourcesBuildPhase section */
		8C6F6473270452F7001A8DB7 /* Sources */ = {
			isa = PBXSourcesBuildPhase;
			buildActionMask = 2147483647;
			files = (
				8C3EDC1E270AE1000024F817 /* HiddenWatermark.cpp in Sources */,
				8C3EDC16270ADFFD0024F817 /* DWT.cpp in Sources */,
				8C3EDC17270ADFFD0024F817 /* BitBuffer.cpp in Sources */,
				8C6F647F270452F7001A8DB7 /* ViewController.swift in Sources */,
				8C3EDC18270ADFFD0024F817 /* Embed.cpp in Sources */,
				8C6F647B270452F7001A8DB7 /* AppDelegate.swift in Sources */,
				8C3EDC1A270ADFFD0024F817 /* Headers.cpp in Sources */,
				8C6F64EC27046DAE001A8DB7 /* WTMKBridge.mm in Sources */,
				8C6F647D270452F7001A8DB7 /* SceneDelegate.swift in Sources */,
				8C3EDC19270ADFFD0024F817 /* Extract.cpp in Sources */,
			);
			runOnlyForDeploymentPostprocessing = 0;
		};
/* End PBXSourcesBuildPhase section */

/* Begin PBXVariantGroup section */
		8C6F6480270452F7001A8DB7 /* Main.storyboard */ = {
			isa = PBXVariantGroup;
			children = (
				8C6F6481270452F7001A8DB7 /* Base */,
			);
			name = Main.storyboard;
			sourceTree = "<group>";
		};
		8C6F6485270452F8001A8DB7 /* LaunchScreen.storyboard */ = {
			isa = PBXVariantGroup;
			children = (
				8C6F6486270452F8001A8DB7 /* Base */,
			);
			name = LaunchScreen.storyboard;
			sourceTree = "<group>";
		};
/* End PBXVariantGroup section */

/* Begin XCBuildConfiguration section */
		8C6F6489270452F8001A8DB7 /* Debug */ = {
			isa = XCBuildConfiguration;
			buildSettings = {
				ALWAYS_SEARCH_USER_PATHS = NO;
				CLANG_ANALYZER_NONNULL = YES;
				CLANG_ANALYZER_NUMBER_OBJECT_CONVERSION = YES_AGGRESSIVE;
				CLANG_CXX_LANGUAGE_STANDARD = "gnu++14";
				CLANG_CXX_LIBRARY = "libc++";
				CLANG_ENABLE_MODULES = YES;
				CLANG_ENABLE_OBJC_ARC = YES;
				CLANG_ENABLE_OBJC_WEAK = YES;
				CLANG_WARN_BLOCK_CAPTURE_AUTORELEASING = YES;
				CLANG_WARN_BOOL_CONVERSION = YES;
				CLANG_WARN_COMMA = YES;
				CLANG_WARN_CONSTANT_CONVERSION = YES;
				CLANG_WARN_DEPRECATED_OBJC_IMPLEMENTATIONS = YES;
				CLANG_WARN_DIRECT_OBJC_ISA_USAGE = YES_ERROR;
				CLANG_WARN_DOCUMENTATION_COMMENTS = YES;
				CLANG_WARN_EMPTY_BODY = YES;
				CLANG_WARN_ENUM_CONVERSION = YES;
				CLANG_WARN_INFINITE_RECURSION = YES;
				CLANG_WARN_INT_CONVERSION = YES;
				CLANG_WARN_NON_LITERAL_NULL_CONVERSION = YES;
				CLANG_WARN_OBJC_IMPLICIT_RETAIN_SELF = YES;
				CLANG_WARN_OBJC_LITERAL_CONVERSION = YES;
				CLANG_WARN_OBJC_ROOT_CLASS = YES_ERROR;
				CLANG_WARN_QUOTED_INCLUDE_IN_FRAMEWORK_HEADER = YES;
				CLANG_WARN_RANGE_LOOP_ANALYSIS = YES;
				CLANG_WARN_STRICT_PROTOTYPES = YES;
				CLANG_WARN_SUSPICIOUS_MOVE = YES;
				CLANG_WARN_UNGUARDED_AVAILABILITY = YES_AGGRESSIVE;
				CLANG_WARN_UNREACHABLE_CODE = YES;
				CLANG_WARN__DUPLICATE_METHOD_MATCH = YES;
				COPY_PHASE_STRIP = NO;
				DEBUG_INFORMATION_FORMAT = dwarf;
				ENABLE_STRICT_OBJC_MSGSEND = YES;
				ENABLE_TESTABILITY = YES;
				GCC_C_LANGUAGE_STANDARD = gnu11;
				GCC_DYNAMIC_NO_PIC = NO;
				GCC_NO_COMMON_BLOCKS = YES;
				GCC_OPTIMIZATION_LEVEL = 0;
				GCC_PREPROCESSOR_DEFINITIONS = (
					"DEBUG=1",
					"$(inherited)",
				);
				GCC_WARN_64_TO_32_BIT_CONVERSION = YES;
				GCC_WARN_ABOUT_RETURN_TYPE = YES_ERROR;
				GCC_WARN_UNDECLARED_SELECTOR = YES;
				GCC_WARN_UNINITIALIZED_AUTOS = YES_AGGRESSIVE;
				GCC_WARN_UNUSED_FUNCTION = YES;
				GCC_WARN_UNUSED_VARIABLE = YES;
				IPHONEOS_DEPLOYMENT_TARGET = 14.4;
				MTL_ENABLE_DEBUG_INFO = INCLUDE_SOURCE;
				MTL_FAST_MATH = YES;
				ONLY_ACTIVE_ARCH = YES;
				SDKROOT = iphoneos;
				SWIFT_ACTIVE_COMPILATION_CONDITIONS = DEBUG;
				SWIFT_OPTIMIZATION_LEVEL = "-Onone";
			};
			name = Debug;
		};
		8C6F648A270452F8001A8DB7 /* Release */ = {
			isa = XCBuildConfiguration;
			buildSettings = {
				ALWAYS_SEARCH_USER_PATHS = NO;
				CLANG_ANALYZER_NONNULL = YES;
				CLANG_ANALYZER_NUMBER_OBJECT_CONVERSION = YES_AGGRESSIVE;
				CLANG_CXX_LANGUAGE_STANDARD = "gnu++14";
				CLANG_CXX_LIBRARY = "libc++";
				CLANG_ENABLE_MODULES = YES;
				CLANG_ENABLE_OBJC_ARC = YES;
				CLANG_ENABLE_OBJC_WEAK = YES;
				CLANG_WARN_BLOCK_CAPTURE_AUTORELEASING = YES;
				CLANG_WARN_BOOL_CONVERSION = YES;
				CLANG_WARN_COMMA = YES;
				CLANG_WARN_CONSTANT_CONVERSION = YES;
				CLANG_WARN_DEPRECATED_OBJC_IMPLEMENTATIONS = YES;
				CLANG_WARN_DIRECT_OBJC_ISA_USAGE = YES_ERROR;
				CLANG_WARN_DOCUMENTATION_COMMENTS = YES;
				CLANG_WARN_EMPTY_BODY = YES;
				CLANG_WARN_ENUM_CONVERSION = YES;
				CLANG_WARN_INFINITE_RECURSION = YES;
				CLANG_WARN_INT_CONVERSION = YES;
				CLANG_WARN_NON_LITERAL_NULL_CONVERSION = YES;
				CLANG_WARN_OBJC_IMPLICIT_RETAIN_SELF = YES;
				CLANG_WARN_OBJC_LITERAL_CONVERSION = YES;
				CLANG_WARN_OBJC_ROOT_CLASS = YES_ERROR;
				CLANG_WARN_QUOTED_INCLUDE_IN_FRAMEWORK_HEADER = YES;
				CLANG_WARN_RANGE_LOOP_ANALYSIS = YES;
				CLANG_WARN_STRICT_PROTOTYPES = YES;
				CLANG_WARN_SUSPICIOUS_MOVE = YES;
				CLANG_WARN_UNGUARDED_AVAILABILITY = YES_AGGRESSIVE;
				CLANG_WARN_UNREACHABLE_CODE = YES;
				CLANG_WARN__DUPLICATE_METHOD_MATCH = YES;
				COPY_PHASE_STRIP = NO;
				DEBUG_INFORMATION_FORMAT = "dwarf-with-dsym";
				ENABLE_NS_ASSERTIONS = NO;
				ENABLE_STRICT_OBJC_MSGSEND = YES;
				GCC_C_LANGUAGE_STANDARD = gnu11;
				GCC_NO_COMMON_BLOCKS = YES;
				GCC_WARN_64_TO_32_BIT_CONVERSION = YES;
				GCC_WARN_ABOUT_RETURN_TYPE = YES_ERROR;
				GCC_WARN_UNDECLARED_SELECTOR = YES;
				GCC_WARN_UNINITIALIZED_AUTOS = YES_AGGRESSIVE;
				GCC_WARN_UNUSED_FUNCTION = YES;
				GCC_WARN_UNUSED_VARIABLE = YES;
				IPHONEOS_DEPLOYMENT_TARGET = 14.4;
				MTL_ENABLE_DEBUG_INFO = NO;
				MTL_FAST_MATH = YES;
				SDKROOT = iphoneos;
				SWIFT_COMPILATION_MODE = wholemodule;
				SWIFT_OPTIMIZATION_LEVEL = "-O";
				VALIDATE_PRODUCT = YES;
			};
			name = Release;
		};
		8C6F648C270452F8001A8DB7 /* Debug */ = {
			isa = XCBuildConfiguration;
			buildSettings = {
				ASSETCATALOG_COMPILER_APPICON_NAME = AppIcon;
				ASSETCATALOG_COMPILER_GLOBAL_ACCENT_COLOR_NAME = AccentColor;
				CLANG_ENABLE_MODULES = YES;
				CODE_SIGN_IDENTITY = "iPhone Developer";
				CODE_SIGN_STYLE = Manual;
				DEVELOPMENT_TEAM = 736CHS853G;
				FRAMEWORK_SEARCH_PATHS = (
					"$(inherited)",
					"$(PROJECT_DIR)/Core",
				);
				INFOPLIST_FILE = wtmk/Info.plist;
				IPHONEOS_DEPLOYMENT_TARGET = 14.1;
				LD_RUNPATH_SEARCH_PATHS = (
					"$(inherited)",
					"@executable_path/Frameworks",
				);
				PRODUCT_BUNDLE_IDENTIFIER = com.test.wtmk;
				PRODUCT_NAME = "$(TARGET_NAME)";
				PROVISIONING_PROFILE_SPECIFIER = AlPro_I016;
				SWIFT_OBJC_BRIDGING_HEADER = "wtmk/wtmk-Bridging-Header.h";
				SWIFT_OPTIMIZATION_LEVEL = "-Onone";
				SWIFT_VERSION = 5.0;
				TARGETED_DEVICE_FAMILY = "1,2";
			};
			name = Debug;
		};
		8C6F648D270452F8001A8DB7 /* Release */ = {
			isa = XCBuildConfiguration;
			buildSettings = {
				ASSETCATALOG_COMPILER_APPICON_NAME = AppIcon;
				ASSETCATALOG_COMPILER_GLOBAL_ACCENT_COLOR_NAME = AccentColor;
				CLANG_ENABLE_MODULES = YES;
				CODE_SIGN_IDENTITY = "iPhone Developer";
				CODE_SIGN_STYLE = Manual;
				DEVELOPMENT_TEAM = 736CHS853G;
				FRAMEWORK_SEARCH_PATHS = (
					"$(inherited)",
					"$(PROJECT_DIR)/Core",
				);
				INFOPLIST_FILE = wtmk/Info.plist;
				IPHONEOS_DEPLOYMENT_TARGET = 14.1;
				LD_RUNPATH_SEARCH_PATHS = (
					"$(inherited)",
					"@executable_path/Frameworks",
				);
				PRODUCT_BUNDLE_IDENTIFIER = com.test.wtmk;
				PRODUCT_NAME = "$(TARGET_NAME)";
				PROVISIONING_PROFILE_SPECIFIER = AlPro_I016;
				SWIFT_OBJC_BRIDGING_HEADER = "wtmk/wtmk-Bridging-Header.h";
				SWIFT_VERSION = 5.0;
				TARGETED_DEVICE_FAMILY = "1,2";
			};
			name = Release;
		};
/* End XCBuildConfiguration section */

/* Begin XCConfigurationList section */
		8C6F6472270452F7001A8DB7 /* Build configuration list for PBXProject "wtmk" */ = {
			isa = XCConfigurationList;
			buildConfigurations = (
				8C6F6489270452F8001A8DB7 /* Debug */,
				8C6F648A270452F8001A8DB7 /* Release */,
			);
			defaultConfigurationIsVisible = 0;
			defaultConfigurationName = Release;
		};
		8C6F648B270452F8001A8DB7 /* Build configuration list for PBXNativeTarget "wtmk" */ = {
			isa = XCConfigurationList;
			buildConfigurations = (
				8C6F648C270452F8001A8DB7 /* Debug */,
				8C6F648D270452F8001A8DB7 /* Release */,
			);
			defaultConfigurationIsVisible = 0;
			defaultConfigurationName = Release;
		};
/* End XCConfigurationList section */
	};
	rootObject = 8C6F646F270452F7001A8DB7 /* Project object */;
}
